
Microsoft Visual Studio Solution File, Format Version 12.00
# Visual Studio Version 16
VisualStudioVersion = 16.0.29102.190
MinimumVisualStudioVersion = 10.0.40219.1
Project("{FAE04EC0-301F-11D3-BF4B-00C04F79EFBC}") = "Anti-DebugNET", "Anti-DebugNET\Anti-DebugNET.csproj", "{BBCDDD48-5AC9-4D52-BF9A-088EC2DA42C2}"
EndProject
Global
	GlobalSection(SolutionConfigurationPlatforms) = preSolution
		Debug|Any CPU = Debug|Any CPU
		Release|Any CPU = Release|Any CPU
	EndGlobalSection
	GlobalSection(ProjectConfigurationPlatforms) = postSolution
		{BBCDDD48-5AC9-4D52-BF9A-088EC2DA42C2}.Debug|Any CPU.ActiveCfg = Debug|Any CPU
		{BBCDDD48-5AC9-4D52-BF9A-088EC2DA42C2}.Debug|Any CPU.Build.0 = Debug|Any CPU
		{BBCDDD48-5AC9-4D52-BF9A-088EC2DA42C2}.Release|Any CPU.ActiveCfg = Release|Any CPU
		{BBCDDD48-5AC9-4D52-BF9A-088EC2DA42C2}.Release|Any CPU.Build.0 = Release|Any CPU
	EndGlobalSection
	GlobalSection(SolutionProperties) = preSolution
		HideSolutionNode = FALSE
	EndGlobalSection
	GlobalSection(ExtensibilityGlobals) = postSolution
		SolutionGuid = {0935D247-28D7-4FB3-81B0-E7E411BEA0A2}
	EndGlobalSection
EndGlobal
